
Microsoft Visual Studio Solution File, Format Version 12.00
# Visual Studio Version 17
VisualStudioVersion = 17.0.32126.317
MinimumVisualStudioVersion = 10.0.40219.1
Project("{FAE04EC0-301F-11D3-BF4B-00C04F79EFBC}") = "RazorPagesMovie", "RazorPagesMovie.csproj", "{74B4CA55-8D1D-42AE-B93D-94DC5D753636}"
EndProject
Global
	GlobalSection(SolutionConfigurationPlatforms) = preSolution
		Debug|Any CPU = Debug|Any CPU
		Release|Any CPU = Release|Any CPU
	EndGlobalSection
	GlobalSection(ProjectConfigurationPlatforms) = postSolution
		{74B4CA55-8D1D-42AE-B93D-94DC5D753636}.Debug|Any CPU.ActiveCfg = Debug|Any CPU
		{74B4CA55-8D1D-42AE-B93D-94DC5D753636}.Debug|Any CPU.Build.0 = Debug|Any CPU
		{74B4CA55-8D1D-42AE-B93D-94DC5D753636}.Release|Any CPU.ActiveCfg = Release|Any CPU
		{74B4CA55-8D1D-42AE-B93D-94DC5D753636}.Release|Any CPU.Build.0 = Release|Any CPU
	EndGlobalSection
	GlobalSection(SolutionProperties) = preSolution
		HideSolutionNode = FALSE
	EndGlobalSection
	GlobalSection(ExtensibilityGlobals) = postSolution
		SolutionGuid = {D0ADC656-4418-481A-82B5-714297577B72}
	EndGlobalSection
EndGlobal
